// !$*UTF8*$!
{
	archiveVersion = 1;
	classes = {
	};
	objectVersion = 46;
	objects = {

/* Begin PBXBuildFile section */
		FD996E581A84BA5200AF0F29 /* AppDelegate.swift in Sources */ = {isa = PBXBuildFile; fileRef = FD996E571A84BA5200AF0F29 /* AppDelegate.swift */; };
		FD996E5A1A84BA5200AF0F29 /* ViewController.swift in Sources */ = {isa = PBXBuildFile; fileRef = FD996E591A84BA5200AF0F29 /* ViewController.swift */; };
		FD996E5D1A84BA5200AF0F29 /* Main.storyboard in Resources */ = {isa = PBXBuildFile; fileRef = FD996E5B1A84BA5200AF0F29 /* Main.storyboard */; };
		FD996E5F1A84BA5200AF0F29 /* Images.xcassets in Resources */ = {isa = PBXBuildFile; fileRef = FD996E5E1A84BA5200AF0F29 /* Images.xcassets */; };
		FD996E621A84BA5200AF0F29 /* LaunchScreen.xib in Resources */ = {isa = PBXBuildFile; fileRef = FD996E601A84BA5200AF0F29 /* LaunchScreen.xib */; };
		FD996E6E1A84BA5200AF0F29 /* WorkLab_One_Two_ThreeTests.swift in Sources */ = {isa = PBXBuildFile; fileRef = FD996E6D1A84BA5200AF0F29 /* WorkLab_One_Two_ThreeTests.swift */; };
		FD996E781A84BE1D00AF0F29 /* SwiftOne_two_Three.swift in Sources */ = {isa = PBXBuildFile; fileRef = FD996E771A84BE1D00AF0F29 /* SwiftOne_two_Three.swift */; };
		FD996E7C1A84C5D900AF0F29 /* 2.jpg in Resources */ = {isa = PBXBuildFile; fileRef = FD996E7B1A84C5D900AF0F29 /* 2.jpg */; };
		FD996E7E1A84C5EB00AF0F29 /* 3.jpg in Resources */ = {isa = PBXBuildFile; fileRef = FD996E7D1A84C5EB00AF0F29 /* 3.jpg */; };
		FD996E821A84C99400AF0F29 /* 617m.jpg in Resources */ = {isa = PBXBuildFile; fileRef = FD996E811A84C99400AF0F29 /* 617m.jpg */; };
		FD996E841A84CA1200AF0F29 /* number1.jpg in Resources */ = {isa = PBXBuildFile; fileRef = FD996E831A84CA1200AF0F29 /* number1.jpg */; };
/* End PBXBuildFile section */

/* Begin PBXContainerItemProxy section */
		FD996E681A84BA5200AF0F29 /* PBXContainerItemProxy */ = {
			isa = PBXContainerItemProxy;
			containerPortal = FD996E4A1A84BA5200AF0F29 /* Project object */;
			proxyType = 1;
			remoteGlobalIDString = FD996E511A84BA5200AF0F29;
			remoteInfo = WorkLab_One_Two_Three;
		};
/* End PBXContainerItemProxy section */

/* Begin PBXFileReference section */
		FD996E521A84BA5200AF0F29 /* WorkLab_One_Two_Three.app */ = {isa = PBXFileReference; explicitFileType = wrapper.application; includeInIndex = 0; path = WorkLab_One_Two_Three.app; sourceTree = BUILT_PRODUCTS_DIR; };
		FD996E561A84BA5200AF0F29 /* Info.plist */ = {isa = PBXFileReference; lastKnownFileType = text.plist.xml; path = Info.plist; sourceTree = "<group>"; };
		FD996E571A84BA5200AF0F29 /* AppDelegate.swift */ = {isa = PBXFileReference; lastKnownFileType = sourcecode.swift; path = AppDelegate.swift; sourceTree = "<group>"; };
		FD996E591A84BA5200AF0F29 /* ViewController.swift */ = {isa = PBXFileReference; lastKnownFileType = sourcecode.swift; path = ViewController.swift; sourceTree = "<group>"; };
		FD996E5C1A84BA5200AF0F29 /* Base */ = {isa = PBXFileReference; lastKnownFileType = file.storyboard; name = Base; path = Base.lproj/Main.storyboard; sourceTree = "<group>"; };
		FD996E5E1A84BA5200AF0F29 /* Images.xcassets */ = {isa = PBXFileReference; lastKnownFileType = folder.assetcatalog; path = Images.xcassets; sourceTree = "<group>"; };
		FD996E611A84BA5200AF0F29 /* Base */ = {isa = PBXFileReference; lastKnownFileType = file.xib; name = Base; path = Base.lproj/LaunchScreen.xib; sourceTree = "<group>"; };
		FD996E671A84BA5200AF0F29 /* WorkLab_One_Two_ThreeTests.xctest */ = {isa = PBXFileReference; explicitFileType = wrapper.cfbundle; includeInIndex = 0; path = WorkLab_One_Two_ThreeTests.xctest; sourceTree = BUILT_PRODUCTS_DIR; };
		FD996E6C1A84BA5200AF0F29 /* Info.plist */ = {isa = PBXFileReference; lastKnownFileType = text.plist.xml; path = Info.plist; sourceTree = "<group>"; };
		FD996E6D1A84BA5200AF0F29 /* WorkLab_One_Two_ThreeTests.swift */ = {isa = PBXFileReference; lastKnownFileType = sourcecode.swift; path = WorkLab_One_Two_ThreeTests.swift; sourceTree = "<group>"; };
		FD996E771A84BE1D00AF0F29 /* SwiftOne_two_Three.swift */ = {isa = PBXFileReference; fileEncoding = 4; lastKnownFileType = sourcecode.swift; path = SwiftOne_two_Three.swift; sourceTree = "<group>"; };
		FD996E7B1A84C5D900AF0F29 /* 2.jpg */ = {isa = PBXFileReference; lastKnownFileType = image.jpeg; path = 2.jpg; sourceTree = "<group>"; };
		FD996E7D1A84C5EB00AF0F29 /* 3.jpg */ = {isa = PBXFileReference; lastKnownFileType = image.jpeg; path = 3.jpg; sourceTree = "<group>"; };
		FD996E811A84C99400AF0F29 /* 617m.jpg */ = {isa = PBXFileReference; lastKnownFileType = image.jpeg; path = 617m.jpg; sourceTree = "<group>"; };
		FD996E831A84CA1200AF0F29 /* number1.jpg */ = {isa = PBXFileReference; lastKnownFileType = image.jpeg; path = number1.jpg; sourceTree = "<group>"; };
/* End PBXFileReference section */

/* Begin PBXFrameworksBuildPhase section */
		FD996E4F1A84BA5200AF0F29 /* Frameworks */ = {
			isa = PBXFrameworksBuildPhase;
			buildActionMask = 2147483647;
			files = (
			);
			runOnlyForDeploymentPostprocessing = 0;
		};
		FD996E641A84BA5200AF0F29 /* Frameworks */ = {
			isa = PBXFrameworksBuildPhase;
			buildActionMask = 2147483647;
			files = (
			);
			runOnlyForDeploymentPostprocessing = 0;
		};
/* End PBXFrameworksBuildPhase section */

/* Begin PBXGroup section */
		FD996E491A84BA5200AF0F29 = {
			isa = PBXGroup;
			children = (
				FD996E541A84BA5200AF0F29 /* WorkLab_One_Two_Three */,
				FD996E6A1A84BA5200AF0F29 /* WorkLab_One_Two_ThreeTests */,
				FD996E531A84BA5200AF0F29 /* Products */,
			);
			sourceTree = "<group>";
		};
		FD996E531A84BA5200AF0F29 /* Products */ = {
			isa = PBXGroup;
			children = (
				FD996E521A84BA5200AF0F29 /* WorkLab_One_Two_Three.app */,
				FD996E671A84BA5200AF0F29 /* WorkLab_One_Two_ThreeTests.xctest */,
			);
			name = Products;
			sourceTree = "<group>";
		};
		FD996E541A84BA5200AF0F29 /* WorkLab_One_Two_Three */ = {
			isa = PBXGroup;
			children = (
				FD996E571A84BA5200AF0F29 /* AppDelegate.swift */,
				FD996E591A84BA5200AF0F29 /* ViewController.swift */,
				FD996E5B1A84BA5200AF0F29 /* Main.storyboard */,
				FD996E771A84BE1D00AF0F29 /* SwiftOne_two_Three.swift */,
				FD996E5E1A84BA5200AF0F29 /* Images.xcassets */,
				FD996E601A84BA5200AF0F29 /* LaunchScreen.xib */,
				FD996E551A84BA5200AF0F29 /* Supporting Files */,
			);
			path = WorkLab_One_Two_Three;
			sourceTree = "<group>";
		};
		FD996E551A84BA5200AF0F29 /* Supporting Files */ = {
			isa = PBXGroup;
			children = (
				FD996E831A84CA1200AF0F29 /* number1.jpg */,
				FD996E811A84C99400AF0F29 /* 617m.jpg */,
				FD996E7D1A84C5EB00AF0F29 /* 3.jpg */,
				FD996E7B1A84C5D900AF0F29 /* 2.jpg */,
				FD996E561A84BA5200AF0F29 /* Info.plist */,
			);
			name = "Supporting Files";
			sourceTree = "<group>";
		};
		FD996E6A1A84BA5200AF0F29 /* WorkLab_One_Two_ThreeTests */ = {
			isa = PBXGroup;
			children = (
				FD996E6D1A84BA5200AF0F29 /* WorkLab_One_Two_ThreeTests.swift */,
				FD996E6B1A84BA5200AF0F29 /* Supporting Files */,
			);
			path = WorkLab_One_Two_ThreeTests;
			sourceTree = "<group>";
		};
		FD996E6B1A84BA5200AF0F29 /* Supporting Files */ = {
			isa = PBXGroup;
			children = (
				FD996E6C1A84BA5200AF0F29 /* Info.plist */,
			);
			name = "Supporting Files";
			sourceTree = "<group>";
		};
/* End PBXGroup section */

/* Begin PBXNativeTarget section */
		FD996E511A84BA5200AF0F29 /* WorkLab_One_Two_Three */ = {
			isa = PBXNativeTarget;
			buildConfigurationList = FD996E711A84BA5200AF0F29 /* Build configuration list for PBXNativeTarget "WorkLab_One_Two_Three" */;
			buildPhases = (
				FD996E4E1A84BA5200AF0F29 /* Sources */,
				FD996E4F1A84BA5200AF0F29 /* Frameworks */,
				FD996E501A84BA5200AF0F29 /* Resources */,
			);
			buildRules = (
			);
			dependencies = (
			);
			name = WorkLab_One_Two_Three;
			productName = WorkLab_One_Two_Three;
			productReference = FD996E521A84BA5200AF0F29 /* WorkLab_One_Two_Three.app */;
			productType = "com.apple.product-type.application";
		};
		FD996E661A84BA5200AF0F29 /* WorkLab_One_Two_ThreeTests */ = {
			isa = PBXNativeTarget;
			buildConfigurationList = FD996E741A84BA5200AF0F29 /* Build configuration list for PBXNativeTarget "WorkLab_One_Two_ThreeTests" */;
			buildPhases = (
				FD996E631A84BA5200AF0F29 /* Sources */,
				FD996E641A84BA5200AF0F29 /* Frameworks */,
				FD996E651A84BA5200AF0F29 /* Resources */,
			);
			buildRules = (
			);
			dependencies = (
				FD996E691A84BA5200AF0F29 /* PBXTargetDependency */,
			);
			name = WorkLab_One_Two_ThreeTests;
			productName = WorkLab_One_Two_ThreeTests;
			productReference = FD996E671A84BA5200AF0F29 /* WorkLab_One_Two_ThreeTests.xctest */;
			productType = "com.apple.product-type.bundle.unit-test";
		};
/* End PBXNativeTarget section */

/* Begin PBXProject section */
		FD996E4A1A84BA5200AF0F29 /* Project object */ = {
			isa = PBXProject;
			attributes = {
				LastUpgradeCheck = 0600;
				ORGANIZATIONNAME = iStudents;
				TargetAttributes = {
					FD996E511A84BA5200AF0F29 = {
						CreatedOnToolsVersion = 6.0;
					};
					FD996E661A84BA5200AF0F29 = {
						CreatedOnToolsVersion = 6.0;
						TestTargetID = FD996E511A84BA5200AF0F29;
					};
				};
			};
			buildConfigurationList = FD996E4D1A84BA5200AF0F29 /* Build configuration list for PBXProject "WorkLab_One_Two_Three" */;
			compatibilityVersion = "Xcode 3.2";
			developmentRegion = English;
			hasScannedForEncodings = 0;
			knownRegions = (
				en,
				Base,
			);
			mainGroup = FD996E491A84BA5200AF0F29;
			productRefGroup = FD996E531A84BA5200AF0F29 /* Products */;
			projectDirPath = "";
			projectRoot = "";
			targets = (
				FD996E511A84BA5200AF0F29 /* WorkLab_One_Two_Three */,
				FD996E661A84BA5200AF0F29 /* WorkLab_One_Two_ThreeTests */,
			);
		};
/* End PBXProject section */

/* Begin PBXResourcesBuildPhase section */
		FD996E501A84BA5200AF0F29 /* Resources */ = {
			isa = PBXResourcesBuildPhase;
			buildActionMask = 2147483647;
			files = (
				FD996E7E1A84C5EB00AF0F29 /* 3.jpg in Resources */,
				FD996E5D1A84BA5200AF0F29 /* Main.storyboard in Resources */,
				FD996E841A84CA1200AF0F29 /* number1.jpg in Resources */,
				FD996E621A84BA5200AF0F29 /* LaunchScreen.xib in Resources */,
				FD996E7C1A84C5D900AF0F29 /* 2.jpg in Resources */,
				FD996E821A84C99400AF0F29 /* 617m.jpg in Resources */,
				FD996E5F1A84BA5200AF0F29 /* Images.xcassets in Resources */,
			);
			runOnlyForDeploymentPostprocessing = 0;
		};
		FD996E651A84BA5200AF0F29 /* Resources */ = {
			isa = PBXResourcesBuildPhase;
			buildActionMask = 2147483647;
			files = (
			);
			runOnlyForDeploymentPostprocessing = 0;
		};
/* End PBXResourcesBuildPhase section */

/* Begin PBXSourcesBuildPhase section */
		FD996E4E1A84BA5200AF0F29 /* Sources */ = {
			isa = PBXSourcesBuildPhase;
			buildActionMask = 2147483647;
			files = (
				FD996E781A84BE1D00AF0F29 /* SwiftOne_two_Three.swift in Sources */,
				FD996E5A1A84BA5200AF0F29 /* ViewController.swift in Sources */,
				FD996E581A84BA5200AF0F29 /* AppDelegate.swift in Sources */,
			);
			runOnlyForDeploymentPostprocessing = 0;
		};
		FD996E631A84BA5200AF0F29 /* Sources */ = {
			isa = PBXSourcesBuildPhase;
			buildActionMask = 2147483647;
			files = (
				FD996E6E1A84BA5200AF0F29 /* WorkLab_One_Two_ThreeTests.swift in Sources */,
			);
			runOnlyForDeploymentPostprocessing = 0;
		};
/* End PBXSourcesBuildPhase section */

/* Begin PBXTargetDependency section */
		FD996E691A84BA5200AF0F29 /* PBXTargetDependency */ = {
			isa = PBXTargetDependency;
			target = FD996E511A84BA5200AF0F29 /* WorkLab_One_Two_Three */;
			targetProxy = FD996E681A84BA5200AF0F29 /* PBXContainerItemProxy */;
		};
/* End PBXTargetDependency section */

/* Begin PBXVariantGroup section */
		FD996E5B1A84BA5200AF0F29 /* Main.storyboard */ = {
			isa = PBXVariantGroup;
			children = (
				FD996E5C1A84BA5200AF0F29 /* Base */,
			);
			name = Main.storyboard;
			sourceTree = "<group>";
		};
		FD996E601A84BA5200AF0F29 /* LaunchScreen.xib */ = {
			isa = PBXVariantGroup;
			children = (
				FD996E611A84BA5200AF0F29 /* Base */,
			);
			name = LaunchScreen.xib;
			sourceTree = "<group>";
		};
/* End PBXVariantGroup section */

/* Begin XCBuildConfiguration section */
		FD996E6F1A84BA5200AF0F29 /* Debug */ = {
			isa = XCBuildConfiguration;
			buildSettings = {
				ALWAYS_SEARCH_USER_PATHS = NO;
				CLANG_CXX_LANGUAGE_STANDARD = "gnu++0x";
				CLANG_CXX_LIBRARY = "libc++";
				CLANG_ENABLE_MODULES = YES;
				CLANG_ENABLE_OBJC_ARC = YES;
				CLANG_WARN_BOOL_CONVERSION = YES;
				CLANG_WARN_CONSTANT_CONVERSION = YES;
				CLANG_WARN_DIRECT_OBJC_ISA_USAGE = YES_ERROR;
				CLANG_WARN_EMPTY_BODY = YES;
				CLANG_WARN_ENUM_CONVERSION = YES;
				CLANG_WARN_INT_CONVERSION = YES;
				CLANG_WARN_OBJC_ROOT_CLASS = YES_ERROR;
				CLANG_WARN_UNREACHABLE_CODE = YES;
				CLANG_WARN__DUPLICATE_METHOD_MATCH = YES;
				"CODE_SIGN_IDENTITY[sdk=iphoneos*]" = "iPhone Developer";
				COPY_PHASE_STRIP = NO;
				ENABLE_STRICT_OBJC_MSGSEND = YES;
				GCC_C_LANGUAGE_STANDARD = gnu99;
				GCC_DYNAMIC_NO_PIC = NO;
				GCC_OPTIMIZATION_LEVEL = 0;
				GCC_PREPROCESSOR_DEFINITIONS = (
					"DEBUG=1",
					"$(inherited)",
				);
				GCC_SYMBOLS_PRIVATE_EXTERN = NO;
				GCC_WARN_64_TO_32_BIT_CONVERSION = YES;
				GCC_WARN_ABOUT_RETURN_TYPE = YES_ERROR;
				GCC_WARN_UNDECLARED_SELECTOR = YES;
				GCC_WARN_UNINITIALIZED_AUTOS = YES_AGGRESSIVE;
				GCC_WARN_UNUSED_FUNCTION = YES;
				GCC_WARN_UNUSED_VARIABLE = YES;
				IPHONEOS_DEPLOYMENT_TARGET = 8.0;
				MTL_ENABLE_DEBUG_INFO = YES;
				ONLY_ACTIVE_ARCH = YES;
				SDKROOT = iphoneos;
				SWIFT_OPTIMIZATION_LEVEL = "-Onone";
			};
			name = Debug;
		};
		FD996E701A84BA5200AF0F29 /* Release */ = {
			isa = XCBuildConfiguration;
			buildSettings = {
				ALWAYS_SEARCH_USER_PATHS = NO;
				CLANG_CXX_LANGUAGE_STANDARD = "gnu++0x";
				CLANG_CXX_LIBRARY = "libc++";
				CLANG_ENABLE_MODULES = YES;
				CLANG_ENABLE_OBJC_ARC = YES;
				CLANG_WARN_BOOL_CONVERSION = YES;
				CLANG_WARN_CONSTANT_CONVERSION = YES;
				CLANG_WARN_DIRECT_OBJC_ISA_USAGE = YES_ERROR;
				CLANG_WARN_EMPTY_BODY = YES;
				CLANG_WARN_ENUM_CONVERSION = YES;
				CLANG_WARN_INT_CONVERSION = YES;
				CLANG_WARN_OBJC_ROOT_CLASS = YES_ERROR;
				CLANG_WARN_UNREACHABLE_CODE = YES;
				CLANG_WARN__DUPLICATE_METHOD_MATCH = YES;
				"CODE_SIGN_IDENTITY[sdk=iphoneos*]" = "iPhone Developer";
				COPY_PHASE_STRIP = YES;
				ENABLE_NS_ASSERTIONS = NO;
				ENABLE_STRICT_OBJC_MSGSEND = YES;
				GCC_C_LANGUAGE_STANDARD = gnu99;
				GCC_WARN_64_TO_32_BIT_CONVERSION = YES;
				GCC_WARN_ABOUT_RETURN_TYPE = YES_ERROR;
				GCC_WARN_UNDECLARED_SELECTOR = YES;
				GCC_WARN_UNINITIALIZED_AUTOS = YES_AGGRESSIVE;
				GCC_WARN_UNUSED_FUNCTION = YES;
				GCC_WARN_UNUSED_VARIABLE = YES;
				IPHONEOS_DEPLOYMENT_TARGET = 8.0;
				MTL_ENABLE_DEBUG_INFO = NO;
				SDKROOT = iphoneos;
				VALIDATE_PRODUCT = YES;
			};
			name = Release;
		};
		FD996E721A84BA5200AF0F29 /* Debug */ = {
			isa = XCBuildConfiguration;
			buildSettings = {
				ASSETCATALOG_COMPILER_APPICON_NAME = AppIcon;
				INFOPLIST_FILE = WorkLab_One_Two_Three/Info.plist;
				LD_RUNPATH_SEARCH_PATHS = "$(inherited) @executable_path/Frameworks";
				PRODUCT_NAME = "$(TARGET_NAME)";
			};
			name = Debug;
		};
		FD996E731A84BA5200AF0F29 /* Release */ = {
			isa = XCBuildConfiguration;
			buildSettings = {
				ASSETCATALOG_COMPILER_APPICON_NAME = AppIcon;
				INFOPLIST_FILE = WorkLab_One_Two_Three/Info.plist;
				LD_RUNPATH_SEARCH_PATHS = "$(inherited) @executable_path/Frameworks";
				PRODUCT_NAME = "$(TARGET_NAME)";
			};
			name = Release;
		};
		FD996E751A84BA5200AF0F29 /* Debug */ = {
			isa = XCBuildConfiguration;
			buildSettings = {
				BUNDLE_LOADER = "$(TEST_HOST)";
				FRAMEWORK_SEARCH_PATHS = (
					"$(SDKROOT)/Developer/Library/Frameworks",
					"$(inherited)",
				);
				GCC_PREPROCESSOR_DEFINITIONS = (
					"DEBUG=1",
					"$(inherited)",
				);
				INFOPLIST_FILE = WorkLab_One_Two_ThreeTests/Info.plist;
				LD_RUNPATH_SEARCH_PATHS = "$(inherited) @executable_path/Frameworks @loader_path/Frameworks";
				PRODUCT_NAME = "$(TARGET_NAME)";
				TEST_HOST = "$(BUILT_PRODUCTS_DIR)/WorkLab_One_Two_Three.app/WorkLab_One_Two_Three";
			};
			name = Debug;
		};
		FD996E761A84BA5200AF0F29 /* Release */ = {
			isa = XCBuildConfiguration;
			buildSettings = {
				BUNDLE_LOADER = "$(TEST_HOST)";
				FRAMEWORK_SEARCH_PATHS = (
					"$(SDKROOT)/Developer/Library/Frameworks",
					"$(inherited)",
				);
				INFOPLIST_FILE = WorkLab_One_Two_ThreeTests/Info.plist;
				LD_RUNPATH_SEARCH_PATHS = "$(inherited) @executable_path/Frameworks @loader_path/Frameworks";
				PRODUCT_NAME = "$(TARGET_NAME)";
				TEST_HOST = "$(BUILT_PRODUCTS_DIR)/WorkLab_One_Two_Three.app/WorkLab_One_Two_Three";
			};
			name = Release;
		};
/* End XCBuildConfiguration section */

/* Begin XCConfigurationList section */
		FD996E4D1A84BA5200AF0F29 /* Build configuration list for PBXProject "WorkLab_One_Two_Three" */ = {
			isa = XCConfigurationList;
			buildConfigurations = (
				FD996E6F1A84BA5200AF0F29 /* Debug */,
				FD996E701A84BA5200AF0F29 /* Release */,
			);
			defaultConfigurationIsVisible = 0;
			defaultConfigurationName = Release;
		};
		FD996E711A84BA5200AF0F29 /* Build configuration list for PBXNativeTarget "WorkLab_One_Two_Three" */ = {
			isa = XCConfigurationList;
			buildConfigurations = (
				FD996E721A84BA5200AF0F29 /* Debug */,
				FD996E731A84BA5200AF0F29 /* Release */,
			);
			defaultConfigurationIsVisible = 0;
		};
		FD996E741A84BA5200AF0F29 /* Build configuration list for PBXNativeTarget "WorkLab_One_Two_ThreeTests" */ = {
			isa = XCConfigurationList;
			buildConfigurations = (
				FD996E751A84BA5200AF0F29 /* Debug */,
				FD996E761A84BA5200AF0F29 /* Release */,
			);
			defaultConfigurationIsVisible = 0;
		};
/* End XCConfigurationList section */
	};
	rootObject = FD996E4A1A84BA5200AF0F29 /* Project object */;
}
